
Microsoft Visual Studio Solution File, Format Version 12.00
# Visual Studio Version 17
VisualStudioVersion = 17.5.002.0
MinimumVisualStudioVersion = 10.0.40219.1
Project("{9A19103F-16F7-4668-BE54-9A1E7A4F7556}") = "BlazorSimpleAuthTemplate", "BlazorSimpleAuthTemplate.csproj", "{8B7F5CEB-91B8-428F-8DD8-3690C9A57AB2}"
EndProject
Global
	GlobalSection(SolutionConfigurationPlatforms) = preSolution
		Debug|Any CPU = Debug|Any CPU
		Release|Any CPU = Release|Any CPU
	EndGlobalSection
	GlobalSection(ProjectConfigurationPlatforms) = postSolution
		{8B7F5CEB-91B8-428F-8DD8-3690C9A57AB2}.Debug|Any CPU.ActiveCfg = Debug|Any CPU
		{8B7F5CEB-91B8-428F-8DD8-3690C9A57AB2}.Debug|Any CPU.Build.0 = Debug|Any CPU
		{8B7F5CEB-91B8-428F-8DD8-3690C9A57AB2}.Release|Any CPU.ActiveCfg = Release|Any CPU
		{8B7F5CEB-91B8-428F-8DD8-3690C9A57AB2}.Release|Any CPU.Build.0 = Release|Any CPU
	EndGlobalSection
	GlobalSection(SolutionProperties) = preSolution
		HideSolutionNode = FALSE
	EndGlobalSection
	GlobalSection(ExtensibilityGlobals) = postSolution
		SolutionGuid = {43988D92-47AA-46FE-9BB1-8661F5F73184}
	EndGlobalSection
EndGlobal
